
Microsoft Visual Studio Solution File, Format Version 12.00
# Visual Studio Version 17
VisualStudioVersion = 17.14.36414.22
MinimumVisualStudioVersion = 10.0.40219.1
Project("{FAE04EC0-301F-11D3-BF4B-00C04F79EFBC}") = "BackEndVirONet8", "BackEndVirONet8.csproj", "{F9B9E03B-4237-490C-AD11-A0B6DC19ADBE}"
EndProject
Project("{FAE04EC0-301F-11D3-BF4B-00C04F79EFBC}") = "FrontEndVirOBlazorAsamblin", "..\FrontEndVirOBlazorAsamblin\FrontEndVirOBlazorAsamblin.csproj", "{4FA3513F-41F0-451B-BD0D-4800F0905DEC}"
EndProject
Global
	GlobalSection(SolutionConfigurationPlatforms) = preSolution
		Debug|Any CPU = Debug|Any CPU
		Release|Any CPU = Release|Any CPU
	EndGlobalSection
	GlobalSection(ProjectConfigurationPlatforms) = postSolution
		{F9B9E03B-4237-490C-AD11-A0B6DC19ADBE}.Debug|Any CPU.ActiveCfg = Debug|Any CPU
		{F9B9E03B-4237-490C-AD11-A0B6DC19ADBE}.Debug|Any CPU.Build.0 = Debug|Any CPU
		{F9B9E03B-4237-490C-AD11-A0B6DC19ADBE}.Release|Any CPU.ActiveCfg = Release|Any CPU
		{F9B9E03B-4237-490C-AD11-A0B6DC19ADBE}.Release|Any CPU.Build.0 = Release|Any CPU
		{4FA3513F-41F0-451B-BD0D-4800F0905DEC}.Debug|Any CPU.ActiveCfg = Debug|Any CPU
		{4FA3513F-41F0-451B-BD0D-4800F0905DEC}.Debug|Any CPU.Build.0 = Debug|Any CPU
		{4FA3513F-41F0-451B-BD0D-4800F0905DEC}.Release|Any CPU.ActiveCfg = Release|Any CPU
		{4FA3513F-41F0-451B-BD0D-4800F0905DEC}.Release|Any CPU.Build.0 = Release|Any CPU
	EndGlobalSection
	GlobalSection(SolutionProperties) = preSolution
		HideSolutionNode = FALSE
	EndGlobalSection
	GlobalSection(ExtensibilityGlobals) = postSolution
		SolutionGuid = {D9E08B6B-52F5-447A-AF18-AA544D609010}
	EndGlobalSection
EndGlobal
